
Microsoft Visual Studio Solution File, Format Version 12.00
# Visual Studio Version 17
VisualStudioVersion = 17.5.33414.496
MinimumVisualStudioVersion = 10.0.40219.1
Project("{9A19103F-16F7-4668-BE54-9A1E7A4F7556}") = "LisansProje", "LisansProje\LisansProje.csproj", "{4E83A006-1490-427B-B043-359CF289A1E1}"
EndProject
Project("{9A19103F-16F7-4668-BE54-9A1E7A4F7556}") = "WebApi", "WebApi\WebApi.csproj", "{32C267F2-2ABE-48C8-B5C4-29298E3CA465}"
EndProject
Global
	GlobalSection(SolutionConfigurationPlatforms) = preSolution
		Debug|Any CPU = Debug|Any CPU
		Release|Any CPU = Release|Any CPU
	EndGlobalSection
	GlobalSection(ProjectConfigurationPlatforms) = postSolution
		{4E83A006-1490-427B-B043-359CF289A1E1}.Debug|Any CPU.ActiveCfg = Debug|Any CPU
		{4E83A006-1490-427B-B043-359CF289A1E1}.Debug|Any CPU.Build.0 = Debug|Any CPU
		{4E83A006-1490-427B-B043-359CF289A1E1}.Release|Any CPU.ActiveCfg = Release|Any CPU
		{4E83A006-1490-427B-B043-359CF289A1E1}.Release|Any CPU.Build.0 = Release|Any CPU
		{32C267F2-2ABE-48C8-B5C4-29298E3CA465}.Debug|Any CPU.ActiveCfg = Debug|Any CPU
		{32C267F2-2ABE-48C8-B5C4-29298E3CA465}.Debug|Any CPU.Build.0 = Debug|Any CPU
		{32C267F2-2ABE-48C8-B5C4-29298E3CA465}.Release|Any CPU.ActiveCfg = Release|Any CPU
		{32C267F2-2ABE-48C8-B5C4-29298E3CA465}.Release|Any CPU.Build.0 = Release|Any CPU
	EndGlobalSection
	GlobalSection(SolutionProperties) = preSolution
		HideSolutionNode = FALSE
	EndGlobalSection
	GlobalSection(ExtensibilityGlobals) = postSolution
		SolutionGuid = {82CDA665-A12D-4F87-8B94-8BA553EC03BC}
	EndGlobalSection
EndGlobal
